github.com/google/go-cmp v0.5.7 h1:81/ik6ipDQS2aGcBfIN5dHDB36BwrStyeAQquSYCV4o=
github.com/google/go-cmp v0.5.7/go.mod h1:n+brtR0CgQNWTVd5ZUFpTBC8YFBDLK/h/bpaJ8/DtOE=
github.com/nanmu42/etherscan-api v1.10.0 h1:8lAwKbaHEVzXK+cbLaApxbmp4Kai12WKEcY9CxqxKbY=
github.com/nanmu42/etherscan-api v1.10.0/go.mod h1:P8oAUxbYfsdfGXQnHCgjTDs4YbmasUVCtYAYc4rrZ5w=
golang.org/x/xerrors v0.0.0-20191204190536-9bdfabe68543/go.mod h1:I/5z698sn9Ka8TeJc9MKroUUfqBBauWjQqLJ2OPfmY0=
